
Microsoft Visual Studio Solution File, Format Version 12.00
# Visual Studio Version 16
VisualStudioVersion = 16.0.32106.194
MinimumVisualStudioVersion = 10.0.40219.1
Project("{FAE04EC0-301F-11D3-BF4B-00C04F79EFBC}") = "Aula22-03", "Aula22-03\Aula22-03.csproj", "{48FC5F12-6A36-4F25-86DC-C3265B85EE01}"
EndProject
Global
	GlobalSection(SolutionConfigurationPlatforms) = preSolution
		Debug|Any CPU = Debug|Any CPU
		Release|Any CPU = Release|Any CPU
	EndGlobalSection
	GlobalSection(ProjectConfigurationPlatforms) = postSolution
		{48FC5F12-6A36-4F25-86DC-C3265B85EE01}.Debug|Any CPU.ActiveCfg = Debug|Any CPU
		{48FC5F12-6A36-4F25-86DC-C3265B85EE01}.Debug|Any CPU.Build.0 = Debug|Any CPU
		{48FC5F12-6A36-4F25-86DC-C3265B85EE01}.Release|Any CPU.ActiveCfg = Release|Any CPU
		{48FC5F12-6A36-4F25-86DC-C3265B85EE01}.Release|Any CPU.Build.0 = Release|Any CPU
	EndGlobalSection
	GlobalSection(SolutionProperties) = preSolution
		HideSolutionNode = FALSE
	EndGlobalSection
	GlobalSection(ExtensibilityGlobals) = postSolution
		SolutionGuid = {F876667A-120C-4CF7-991A-52E150F09839}
	EndGlobalSection
EndGlobal
